
Microsoft Visual Studio Solution File, Format Version 12.00
# Visual Studio Version 17
VisualStudioVersion = 17.6.33815.320
MinimumVisualStudioVersion = 10.0.40219.1
Project("{FAE04EC0-301F-11D3-BF4B-00C04F79EFBC}") = "WinFormsApp8", "WinFormsApp8.csproj", "{B8A7C10F-ACA5-4602-B2F9-87975DF53C38}"
EndProject
Global
	GlobalSection(SolutionConfigurationPlatforms) = preSolution
		Debug|Any CPU = Debug|Any CPU
		Release|Any CPU = Release|Any CPU
	EndGlobalSection
	GlobalSection(ProjectConfigurationPlatforms) = postSolution
		{B8A7C10F-ACA5-4602-B2F9-87975DF53C38}.Debug|Any CPU.ActiveCfg = Debug|Any CPU
		{B8A7C10F-ACA5-4602-B2F9-87975DF53C38}.Debug|Any CPU.Build.0 = Debug|Any CPU
		{B8A7C10F-ACA5-4602-B2F9-87975DF53C38}.Release|Any CPU.ActiveCfg = Release|Any CPU
		{B8A7C10F-ACA5-4602-B2F9-87975DF53C38}.Release|Any CPU.Build.0 = Release|Any CPU
	EndGlobalSection
	GlobalSection(SolutionProperties) = preSolution
		HideSolutionNode = FALSE
	EndGlobalSection
	GlobalSection(ExtensibilityGlobals) = postSolution
		SolutionGuid = {22090A7E-33F7-418B-990A-9917177306C2}
	EndGlobalSection
EndGlobal
